
Microsoft Visual Studio Solution File, Format Version 12.00
# Visual Studio 15
VisualStudioVersion = 15.0.28307.329
MinimumVisualStudioVersion = 10.0.40219.1
Project("{FAE04EC0-301F-11D3-BF4B-00C04F79EFBC}") = "B20_Ex01_1", "B20_Ex01_1\B20_Ex01_1.csproj", "{5497C8C9-BE8D-4C32-A86E-D367333FA29B}"
EndProject
Project("{FAE04EC0-301F-11D3-BF4B-00C04F79EFBC}") = "B20_Ex01_2", "B20_Ex01_2\B20_Ex01_2.csproj", "{3DFF3A8A-E366-48FA-90F0-4BF80F195198}"
EndProject
Project("{FAE04EC0-301F-11D3-BF4B-00C04F79EFBC}") = "B20_Ex01_3", "B20_Ex01_3\B20_Ex01_3.csproj", "{1DF80F1F-9C7D-4BB5-A34D-A24A60CF79D2}"
EndProject
Project("{FAE04EC0-301F-11D3-BF4B-00C04F79EFBC}") = "B20_Ex01_4", "B20_Ex01_4\B20_Ex01_4.csproj", "{E37D0669-9A06-41AE-B7D2-63D305513923}"
EndProject
Project("{FAE04EC0-301F-11D3-BF4B-00C04F79EFBC}") = "B20_Ex01_5", "B20_Ex01_5\B20_Ex01_5.csproj", "{0629220E-15E4-41D8-AFD9-E6BE4F38D144}"
EndProject
Global
	GlobalSection(SolutionConfigurationPlatforms) = preSolution
		Debug|Any CPU = Debug|Any CPU
		Release|Any CPU = Release|Any CPU
	EndGlobalSection
	GlobalSection(ProjectConfigurationPlatforms) = postSolution
		{5497C8C9-BE8D-4C32-A86E-D367333FA29B}.Debug|Any CPU.ActiveCfg = Debug|Any CPU
		{5497C8C9-BE8D-4C32-A86E-D367333FA29B}.Debug|Any CPU.Build.0 = Debug|Any CPU
		{5497C8C9-BE8D-4C32-A86E-D367333FA29B}.Release|Any CPU.ActiveCfg = Release|Any CPU
		{5497C8C9-BE8D-4C32-A86E-D367333FA29B}.Release|Any CPU.Build.0 = Release|Any CPU
		{3DFF3A8A-E366-48FA-90F0-4BF80F195198}.Debug|Any CPU.ActiveCfg = Debug|Any CPU
		{3DFF3A8A-E366-48FA-90F0-4BF80F195198}.Debug|Any CPU.Build.0 = Debug|Any CPU
		{3DFF3A8A-E366-48FA-90F0-4BF80F195198}.Release|Any CPU.ActiveCfg = Release|Any CPU
		{3DFF3A8A-E366-48FA-90F0-4BF80F195198}.Release|Any CPU.Build.0 = Release|Any CPU
		{1DF80F1F-9C7D-4BB5-A34D-A24A60CF79D2}.Debug|Any CPU.ActiveCfg = Debug|Any CPU
		{1DF80F1F-9C7D-4BB5-A34D-A24A60CF79D2}.Debug|Any CPU.Build.0 = Debug|Any CPU
		{1DF80F1F-9C7D-4BB5-A34D-A24A60CF79D2}.Release|Any CPU.ActiveCfg = Release|Any CPU
		{1DF80F1F-9C7D-4BB5-A34D-A24A60CF79D2}.Release|Any CPU.Build.0 = Release|Any CPU
		{E37D0669-9A06-41AE-B7D2-63D305513923}.Debug|Any CPU.ActiveCfg = Debug|Any CPU
		{E37D0669-9A06-41AE-B7D2-63D305513923}.Debug|Any CPU.Build.0 = Debug|Any CPU
		{E37D0669-9A06-41AE-B7D2-63D305513923}.Release|Any CPU.ActiveCfg = Release|Any CPU
		{E37D0669-9A06-41AE-B7D2-63D305513923}.Release|Any CPU.Build.0 = Release|Any CPU
		{0629220E-15E4-41D8-AFD9-E6BE4F38D144}.Debug|Any CPU.ActiveCfg = Debug|Any CPU
		{0629220E-15E4-41D8-AFD9-E6BE4F38D144}.Debug|Any CPU.Build.0 = Debug|Any CPU
		{0629220E-15E4-41D8-AFD9-E6BE4F38D144}.Release|Any CPU.ActiveCfg = Release|Any CPU
		{0629220E-15E4-41D8-AFD9-E6BE4F38D144}.Release|Any CPU.Build.0 = Release|Any CPU
	EndGlobalSection
	GlobalSection(SolutionProperties) = preSolution
		HideSolutionNode = FALSE
	EndGlobalSection
	GlobalSection(ExtensibilityGlobals) = postSolution
		SolutionGuid = {B600BD30-FA11-44C5-8BA2-7AF2E6382AD6}
	EndGlobalSection
EndGlobal
