
Microsoft Visual Studio Solution File, Format Version 12.00
# Visual Studio 15
VisualStudioVersion = 15.0.28307.329
MinimumVisualStudioVersion = 10.0.40219.1
Project("{FAE04EC0-301F-11D3-BF4B-00C04F79EFBC}") = "Ex05.MemoryGameLogic", "Ex05.MemoryGameLogic\Ex05.MemoryGameLogic.csproj", "{AD958D01-E462-49AC-9427-FA711FC1BB42}"
EndProject
Project("{FAE04EC0-301F-11D3-BF4B-00C04F79EFBC}") = "Ex05.MemoryGameUI", "Ex05.MemoryGameUI\Ex05.MemoryGameUI.csproj", "{084202A3-1DBB-48D5-BF7F-BF10C0434070}"
EndProject
Global
	GlobalSection(SolutionConfigurationPlatforms) = preSolution
		Debug|Any CPU = Debug|Any CPU
		Release|Any CPU = Release|Any CPU
	EndGlobalSection
	GlobalSection(ProjectConfigurationPlatforms) = postSolution
		{AD958D01-E462-49AC-9427-FA711FC1BB42}.Debug|Any CPU.ActiveCfg = Debug|Any CPU
		{AD958D01-E462-49AC-9427-FA711FC1BB42}.Debug|Any CPU.Build.0 = Debug|Any CPU
		{AD958D01-E462-49AC-9427-FA711FC1BB42}.Release|Any CPU.ActiveCfg = Release|Any CPU
		{AD958D01-E462-49AC-9427-FA711FC1BB42}.Release|Any CPU.Build.0 = Release|Any CPU
		{084202A3-1DBB-48D5-BF7F-BF10C0434070}.Debug|Any CPU.ActiveCfg = Debug|Any CPU
		{084202A3-1DBB-48D5-BF7F-BF10C0434070}.Debug|Any CPU.Build.0 = Debug|Any CPU
		{084202A3-1DBB-48D5-BF7F-BF10C0434070}.Release|Any CPU.ActiveCfg = Release|Any CPU
		{084202A3-1DBB-48D5-BF7F-BF10C0434070}.Release|Any CPU.Build.0 = Release|Any CPU
	EndGlobalSection
	GlobalSection(SolutionProperties) = preSolution
		HideSolutionNode = FALSE
	EndGlobalSection
	GlobalSection(ExtensibilityGlobals) = postSolution
		SolutionGuid = {2C308700-C25C-4640-BF8D-84F1F1AB6EA8}
	EndGlobalSection
EndGlobal
