
Microsoft Visual Studio Solution File, Format Version 12.00
# Visual Studio 15
VisualStudioVersion = 15.0.28307.329
MinimumVisualStudioVersion = 10.0.40219.1
Project("{FAE04EC0-301F-11D3-BF4B-00C04F79EFBC}") = "Ex03.ConsoleUI", "Ex03.ConsoleUI\Ex03.ConsoleUI.csproj", "{CC10CB6D-97BF-4D7B-BE4C-95B2D23D8B61}"
EndProject
Project("{FAE04EC0-301F-11D3-BF4B-00C04F79EFBC}") = "Ex03.GarageLogic", "Ex03.GarageLogic\Ex03.GarageLogic.csproj", "{ADDA859C-6B33-46B3-BA6E-225B073CD0EA}"
EndProject
Global
	GlobalSection(SolutionConfigurationPlatforms) = preSolution
		Debug|Any CPU = Debug|Any CPU
		Release|Any CPU = Release|Any CPU
	EndGlobalSection
	GlobalSection(ProjectConfigurationPlatforms) = postSolution
		{CC10CB6D-97BF-4D7B-BE4C-95B2D23D8B61}.Debug|Any CPU.ActiveCfg = Debug|Any CPU
		{CC10CB6D-97BF-4D7B-BE4C-95B2D23D8B61}.Debug|Any CPU.Build.0 = Debug|Any CPU
		{CC10CB6D-97BF-4D7B-BE4C-95B2D23D8B61}.Release|Any CPU.ActiveCfg = Release|Any CPU
		{CC10CB6D-97BF-4D7B-BE4C-95B2D23D8B61}.Release|Any CPU.Build.0 = Release|Any CPU
		{ADDA859C-6B33-46B3-BA6E-225B073CD0EA}.Debug|Any CPU.ActiveCfg = Debug|Any CPU
		{ADDA859C-6B33-46B3-BA6E-225B073CD0EA}.Debug|Any CPU.Build.0 = Debug|Any CPU
		{ADDA859C-6B33-46B3-BA6E-225B073CD0EA}.Release|Any CPU.ActiveCfg = Release|Any CPU
		{ADDA859C-6B33-46B3-BA6E-225B073CD0EA}.Release|Any CPU.Build.0 = Release|Any CPU
	EndGlobalSection
	GlobalSection(SolutionProperties) = preSolution
		HideSolutionNode = FALSE
	EndGlobalSection
	GlobalSection(ExtensibilityGlobals) = postSolution
		SolutionGuid = {4889F792-3274-4D6E-8288-E87A6DC77FED}
	EndGlobalSection
EndGlobal
